
Microsoft Visual Studio Solution File, Format Version 12.00
# Visual Studio Version 16
VisualStudioVersion = 16.0.30114.105
MinimumVisualStudioVersion = 10.0.40219.1
Project("{2150E333-8FDC-42A3-9474-1A3956D46DE8}") = "src", "src", "{FE1C38C3-B390-4E2B-9762-6714341CDEDE}"
EndProject
Project("{2150E333-8FDC-42A3-9474-1A3956D46DE8}") = "web", "web", "{98471A7C-E40D-4300-9F29-84DA9C80E78E}"
EndProject
Project("{FAE04EC0-301F-11D3-BF4B-00C04F79EFBC}") = "WebApp.MVC", "src\web\WebApp.MVC\WebApp.MVC.csproj", "{C6479364-7384-4622-AFEC-3739FC397F88}"
EndProject
Project("{2150E333-8FDC-42A3-9474-1A3956D46DE8}") = "services", "services", "{E1E1620B-D56E-46B4-8325-F1883A5A79B9}"
EndProject
Project("{2150E333-8FDC-42A3-9474-1A3956D46DE8}") = "MWF.Projects", "MWF.Projects", "{00FDBDA0-1A01-4F90-B4B3-BDD3547CE381}"
EndProject
Project("{FAE04EC0-301F-11D3-BF4B-00C04F79EFBC}") = "MWF.Projects.Application", "src\services\MWF.Projects\MWF.Projects.Application\MWF.Projects.Application.csproj", "{E1E5D8B5-8957-427F-85F1-6407F94E1393}"
EndProject
Project("{FAE04EC0-301F-11D3-BF4B-00C04F79EFBC}") = "MWF.Projects.Domain", "src\services\MWF.Projects\MWF.Projects.Domain\MWF.Projects.Domain.csproj", "{56E6AFF0-5031-4118-AF8A-5B5F1233AF88}"
EndProject
Project("{FAE04EC0-301F-11D3-BF4B-00C04F79EFBC}") = "MWF.Projects.Host", "src\services\MWF.Projects\MWF.Projects.Host\MWF.Projects.Host.csproj", "{8D432807-C5EC-4404-A64E-9DD4E1AE8223}"
EndProject
Project("{FAE04EC0-301F-11D3-BF4B-00C04F79EFBC}") = "MWF.Projects.Infraestructure", "src\services\MWF.Projects\MWF.Projects.Infraestructure\MWF.Projects.Infraestructure.csproj", "{064672D0-C292-4DAE-B844-20EE1CC0D80C}"
EndProject
Project("{FAE04EC0-301F-11D3-BF4B-00C04F79EFBC}") = "MWF.Projects.Tests", "src\services\MWF.Projects\MWF.Projects.Tests\MWF.Projects.Tests.csproj", "{84D954D1-6EB0-415E-A5C5-8AAD0105A211}"
EndProject
Project("{2150E333-8FDC-42A3-9474-1A3956D46DE8}") = "MWF.Blog", "MWF.Blog", "{614BAC1B-9753-4204-B7E5-0918FA6CD16D}"
EndProject
Project("{FAE04EC0-301F-11D3-BF4B-00C04F79EFBC}") = "MWF.Blog.Application", "src\services\MWF.Blog\MWF.Blog.Application\MWF.Blog.Application.csproj", "{5A2ECF44-5665-4B08-A16A-0D50E4082B3D}"
EndProject
Project("{FAE04EC0-301F-11D3-BF4B-00C04F79EFBC}") = "MWF.Blog.Domain", "src\services\MWF.Blog\MWF.Blog.Domain\MWF.Blog.Domain.csproj", "{DA53ECEA-8214-4D13-974D-9AAB2F2269C8}"
EndProject
Project("{FAE04EC0-301F-11D3-BF4B-00C04F79EFBC}") = "MWF.Blog.Host", "src\services\MWF.Blog\MWF.Blog.Host\MWF.Blog.Host.csproj", "{8CDB84E2-F006-408B-B98A-DE0CA53B0000}"
EndProject
Project("{FAE04EC0-301F-11D3-BF4B-00C04F79EFBC}") = "MWF.Blog.Infraestructure", "src\services\MWF.Blog\MWF.Blog.Infraestructure\MWF.Blog.Infraestructure.csproj", "{CA9C69AE-D56A-4B1C-B964-A25150FC20A3}"
EndProject
Project("{FAE04EC0-301F-11D3-BF4B-00C04F79EFBC}") = "MWF.Blog.Tests", "src\services\MWF.Blog\MWF.Blog.Tests\MWF.Blog.Tests.csproj", "{82B03946-BF5F-46EF-A773-2DDCB69C3BD1}"
EndProject
Global
	GlobalSection(SolutionConfigurationPlatforms) = preSolution
		Debug|Any CPU = Debug|Any CPU
		Release|Any CPU = Release|Any CPU
	EndGlobalSection
	GlobalSection(SolutionProperties) = preSolution
		HideSolutionNode = FALSE
	EndGlobalSection
	GlobalSection(ProjectConfigurationPlatforms) = postSolution
		{C6479364-7384-4622-AFEC-3739FC397F88}.Debug|Any CPU.ActiveCfg = Debug|Any CPU
		{C6479364-7384-4622-AFEC-3739FC397F88}.Debug|Any CPU.Build.0 = Debug|Any CPU
		{C6479364-7384-4622-AFEC-3739FC397F88}.Release|Any CPU.ActiveCfg = Release|Any CPU
		{C6479364-7384-4622-AFEC-3739FC397F88}.Release|Any CPU.Build.0 = Release|Any CPU
		{E1E5D8B5-8957-427F-85F1-6407F94E1393}.Debug|Any CPU.ActiveCfg = Debug|Any CPU
		{E1E5D8B5-8957-427F-85F1-6407F94E1393}.Debug|Any CPU.Build.0 = Debug|Any CPU
		{E1E5D8B5-8957-427F-85F1-6407F94E1393}.Release|Any CPU.ActiveCfg = Release|Any CPU
		{E1E5D8B5-8957-427F-85F1-6407F94E1393}.Release|Any CPU.Build.0 = Release|Any CPU
		{56E6AFF0-5031-4118-AF8A-5B5F1233AF88}.Debug|Any CPU.ActiveCfg = Debug|Any CPU
		{56E6AFF0-5031-4118-AF8A-5B5F1233AF88}.Debug|Any CPU.Build.0 = Debug|Any CPU
		{56E6AFF0-5031-4118-AF8A-5B5F1233AF88}.Release|Any CPU.ActiveCfg = Release|Any CPU
		{56E6AFF0-5031-4118-AF8A-5B5F1233AF88}.Release|Any CPU.Build.0 = Release|Any CPU
		{8D432807-C5EC-4404-A64E-9DD4E1AE8223}.Debug|Any CPU.ActiveCfg = Debug|Any CPU
		{8D432807-C5EC-4404-A64E-9DD4E1AE8223}.Debug|Any CPU.Build.0 = Debug|Any CPU
		{8D432807-C5EC-4404-A64E-9DD4E1AE8223}.Release|Any CPU.ActiveCfg = Release|Any CPU
		{8D432807-C5EC-4404-A64E-9DD4E1AE8223}.Release|Any CPU.Build.0 = Release|Any CPU
		{064672D0-C292-4DAE-B844-20EE1CC0D80C}.Debug|Any CPU.ActiveCfg = Debug|Any CPU
		{064672D0-C292-4DAE-B844-20EE1CC0D80C}.Debug|Any CPU.Build.0 = Debug|Any CPU
		{064672D0-C292-4DAE-B844-20EE1CC0D80C}.Release|Any CPU.ActiveCfg = Release|Any CPU
		{064672D0-C292-4DAE-B844-20EE1CC0D80C}.Release|Any CPU.Build.0 = Release|Any CPU
		{84D954D1-6EB0-415E-A5C5-8AAD0105A211}.Debug|Any CPU.ActiveCfg = Debug|Any CPU
		{84D954D1-6EB0-415E-A5C5-8AAD0105A211}.Debug|Any CPU.Build.0 = Debug|Any CPU
		{84D954D1-6EB0-415E-A5C5-8AAD0105A211}.Release|Any CPU.ActiveCfg = Release|Any CPU
		{84D954D1-6EB0-415E-A5C5-8AAD0105A211}.Release|Any CPU.Build.0 = Release|Any CPU
		{5A2ECF44-5665-4B08-A16A-0D50E4082B3D}.Debug|Any CPU.ActiveCfg = Debug|Any CPU
		{5A2ECF44-5665-4B08-A16A-0D50E4082B3D}.Debug|Any CPU.Build.0 = Debug|Any CPU
		{5A2ECF44-5665-4B08-A16A-0D50E4082B3D}.Release|Any CPU.ActiveCfg = Release|Any CPU
		{5A2ECF44-5665-4B08-A16A-0D50E4082B3D}.Release|Any CPU.Build.0 = Release|Any CPU
		{DA53ECEA-8214-4D13-974D-9AAB2F2269C8}.Debug|Any CPU.ActiveCfg = Debug|Any CPU
		{DA53ECEA-8214-4D13-974D-9AAB2F2269C8}.Debug|Any CPU.Build.0 = Debug|Any CPU
		{DA53ECEA-8214-4D13-974D-9AAB2F2269C8}.Release|Any CPU.ActiveCfg = Release|Any CPU
		{DA53ECEA-8214-4D13-974D-9AAB2F2269C8}.Release|Any CPU.Build.0 = Release|Any CPU
		{8CDB84E2-F006-408B-B98A-DE0CA53B0000}.Debug|Any CPU.ActiveCfg = Debug|Any CPU
		{8CDB84E2-F006-408B-B98A-DE0CA53B0000}.Debug|Any CPU.Build.0 = Debug|Any CPU
		{8CDB84E2-F006-408B-B98A-DE0CA53B0000}.Release|Any CPU.ActiveCfg = Release|Any CPU
		{8CDB84E2-F006-408B-B98A-DE0CA53B0000}.Release|Any CPU.Build.0 = Release|Any CPU
		{CA9C69AE-D56A-4B1C-B964-A25150FC20A3}.Debug|Any CPU.ActiveCfg = Debug|Any CPU
		{CA9C69AE-D56A-4B1C-B964-A25150FC20A3}.Debug|Any CPU.Build.0 = Debug|Any CPU
		{CA9C69AE-D56A-4B1C-B964-A25150FC20A3}.Release|Any CPU.ActiveCfg = Release|Any CPU
		{CA9C69AE-D56A-4B1C-B964-A25150FC20A3}.Release|Any CPU.Build.0 = Release|Any CPU
		{82B03946-BF5F-46EF-A773-2DDCB69C3BD1}.Debug|Any CPU.ActiveCfg = Debug|Any CPU
		{82B03946-BF5F-46EF-A773-2DDCB69C3BD1}.Debug|Any CPU.Build.0 = Debug|Any CPU
		{82B03946-BF5F-46EF-A773-2DDCB69C3BD1}.Release|Any CPU.ActiveCfg = Release|Any CPU
		{82B03946-BF5F-46EF-A773-2DDCB69C3BD1}.Release|Any CPU.Build.0 = Release|Any CPU
	EndGlobalSection
	GlobalSection(NestedProjects) = preSolution
		{98471A7C-E40D-4300-9F29-84DA9C80E78E} = {FE1C38C3-B390-4E2B-9762-6714341CDEDE}
		{C6479364-7384-4622-AFEC-3739FC397F88} = {98471A7C-E40D-4300-9F29-84DA9C80E78E}
		{E1E1620B-D56E-46B4-8325-F1883A5A79B9} = {FE1C38C3-B390-4E2B-9762-6714341CDEDE}
		{00FDBDA0-1A01-4F90-B4B3-BDD3547CE381} = {E1E1620B-D56E-46B4-8325-F1883A5A79B9}
		{E1E5D8B5-8957-427F-85F1-6407F94E1393} = {00FDBDA0-1A01-4F90-B4B3-BDD3547CE381}
		{56E6AFF0-5031-4118-AF8A-5B5F1233AF88} = {00FDBDA0-1A01-4F90-B4B3-BDD3547CE381}
		{8D432807-C5EC-4404-A64E-9DD4E1AE8223} = {00FDBDA0-1A01-4F90-B4B3-BDD3547CE381}
		{064672D0-C292-4DAE-B844-20EE1CC0D80C} = {00FDBDA0-1A01-4F90-B4B3-BDD3547CE381}
		{84D954D1-6EB0-415E-A5C5-8AAD0105A211} = {00FDBDA0-1A01-4F90-B4B3-BDD3547CE381}
		{614BAC1B-9753-4204-B7E5-0918FA6CD16D} = {E1E1620B-D56E-46B4-8325-F1883A5A79B9}
		{5A2ECF44-5665-4B08-A16A-0D50E4082B3D} = {614BAC1B-9753-4204-B7E5-0918FA6CD16D}
		{DA53ECEA-8214-4D13-974D-9AAB2F2269C8} = {614BAC1B-9753-4204-B7E5-0918FA6CD16D}
		{8CDB84E2-F006-408B-B98A-DE0CA53B0000} = {614BAC1B-9753-4204-B7E5-0918FA6CD16D}
		{CA9C69AE-D56A-4B1C-B964-A25150FC20A3} = {614BAC1B-9753-4204-B7E5-0918FA6CD16D}
		{82B03946-BF5F-46EF-A773-2DDCB69C3BD1} = {614BAC1B-9753-4204-B7E5-0918FA6CD16D}
	EndGlobalSection
EndGlobal
